
Microsoft Visual Studio Solution File, Format Version 12.00
# Visual Studio Version 17
VisualStudioVersion = 17.5.002.0
MinimumVisualStudioVersion = 10.0.40219.1
Project("{9A19103F-16F7-4668-BE54-9A1E7A4F7556}") = "shopapp.data", "shopapp.data.csproj", "{52CBFE99-955E-4E1F-B81D-6805F2D388C3}"
EndProject
Global
	GlobalSection(SolutionConfigurationPlatforms) = preSolution
		Debug|Any CPU = Debug|Any CPU
		Release|Any CPU = Release|Any CPU
	EndGlobalSection
	GlobalSection(ProjectConfigurationPlatforms) = postSolution
		{52CBFE99-955E-4E1F-B81D-6805F2D388C3}.Debug|Any CPU.ActiveCfg = Debug|Any CPU
		{52CBFE99-955E-4E1F-B81D-6805F2D388C3}.Debug|Any CPU.Build.0 = Debug|Any CPU
		{52CBFE99-955E-4E1F-B81D-6805F2D388C3}.Release|Any CPU.ActiveCfg = Release|Any CPU
		{52CBFE99-955E-4E1F-B81D-6805F2D388C3}.Release|Any CPU.Build.0 = Release|Any CPU
	EndGlobalSection
	GlobalSection(SolutionProperties) = preSolution
		HideSolutionNode = FALSE
	EndGlobalSection
	GlobalSection(ExtensibilityGlobals) = postSolution
		SolutionGuid = {A134E20D-C885-4ED6-8AAF-A1080080DC31}
	EndGlobalSection
EndGlobal
